
Microsoft Visual Studio Solution File, Format Version 12.00
# Visual Studio Version 17
VisualStudioVersion = 17.6.33815.320
MinimumVisualStudioVersion = 10.0.40219.1
Project("{FAE04EC0-301F-11D3-BF4B-00C04F79EFBC}") = "OrkunDemos", "OrkunDemos.csproj", "{FBC36C3A-BE88-4D89-9D90-C5852A9CA329}"
EndProject
Global
	GlobalSection(SolutionConfigurationPlatforms) = preSolution
		Debug|Any CPU = Debug|Any CPU
		Release|Any CPU = Release|Any CPU
	EndGlobalSection
	GlobalSection(ProjectConfigurationPlatforms) = postSolution
		{FBC36C3A-BE88-4D89-9D90-C5852A9CA329}.Debug|Any CPU.ActiveCfg = Debug|Any CPU
		{FBC36C3A-BE88-4D89-9D90-C5852A9CA329}.Debug|Any CPU.Build.0 = Debug|Any CPU
		{FBC36C3A-BE88-4D89-9D90-C5852A9CA329}.Release|Any CPU.ActiveCfg = Release|Any CPU
		{FBC36C3A-BE88-4D89-9D90-C5852A9CA329}.Release|Any CPU.Build.0 = Release|Any CPU
	EndGlobalSection
	GlobalSection(SolutionProperties) = preSolution
		HideSolutionNode = FALSE
	EndGlobalSection
	GlobalSection(ExtensibilityGlobals) = postSolution
		SolutionGuid = {0E72912C-7E2A-4CE6-8C00-5EFC39D7A549}
	EndGlobalSection
EndGlobal
